
Microsoft Visual Studio Solution File, Format Version 12.00
# Visual Studio Version 17
VisualStudioVersion = 17.0.31903.59
MinimumVisualStudioVersion = 10.0.40219.1
Project("{2150E333-8FDC-42A3-9474-1A3956D46DE8}") = "src", "src", "{B2F888E9-7CFA-4399-ACAD-4AC04D6F0098}"
EndProject
Project("{FAE04EC0-301F-11D3-BF4B-00C04F79EFBC}") = "SafeEntry.Domain", "src\Domain\SafeEntry.Domain.csproj", "{E534DE2C-7320-4290-84D9-530BA92D738A}"
EndProject
Project("{FAE04EC0-301F-11D3-BF4B-00C04F79EFBC}") = "SafeEntry.Application", "src\Application\SafeEntry.Application.csproj", "{8D194A5F-B65A-4D20-B9E4-1DCC3F3BF07A}"
EndProject
Project("{FAE04EC0-301F-11D3-BF4B-00C04F79EFBC}") = "SafeEntry.Infrastructure", "src\Infrastructure\SafeEntry.Infrastructure.csproj", "{6FCD3424-2E05-4147-954A-E92712733615}"
EndProject
Project("{FAE04EC0-301F-11D3-BF4B-00C04F79EFBC}") = "SafeEntry.Api", "src\Api\SafeEntry.Api.csproj", "{C0CBAB10-EA49-40A3-A9B9-DE10566951A7}"
EndProject
Global
	GlobalSection(SolutionConfigurationPlatforms) = preSolution
		Debug|Any CPU = Debug|Any CPU
		Release|Any CPU = Release|Any CPU
	EndGlobalSection
	GlobalSection(ProjectConfigurationPlatforms) = postSolution
		{E534DE2C-7320-4290-84D9-530BA92D738A}.Debug|Any CPU.ActiveCfg = Debug|Any CPU
		{E534DE2C-7320-4290-84D9-530BA92D738A}.Debug|Any CPU.Build.0 = Debug|Any CPU
		{E534DE2C-7320-4290-84D9-530BA92D738A}.Release|Any CPU.ActiveCfg = Release|Any CPU
		{E534DE2C-7320-4290-84D9-530BA92D738A}.Release|Any CPU.Build.0 = Release|Any CPU
		{8D194A5F-B65A-4D20-B9E4-1DCC3F3BF07A}.Debug|Any CPU.ActiveCfg = Debug|Any CPU
		{8D194A5F-B65A-4D20-B9E4-1DCC3F3BF07A}.Debug|Any CPU.Build.0 = Debug|Any CPU
		{8D194A5F-B65A-4D20-B9E4-1DCC3F3BF07A}.Release|Any CPU.ActiveCfg = Release|Any CPU
		{8D194A5F-B65A-4D20-B9E4-1DCC3F3BF07A}.Release|Any CPU.Build.0 = Release|Any CPU
		{6FCD3424-2E05-4147-954A-E92712733615}.Debug|Any CPU.ActiveCfg = Debug|Any CPU
		{6FCD3424-2E05-4147-954A-E92712733615}.Debug|Any CPU.Build.0 = Debug|Any CPU
		{6FCD3424-2E05-4147-954A-E92712733615}.Release|Any CPU.ActiveCfg = Release|Any CPU
		{6FCD3424-2E05-4147-954A-E92712733615}.Release|Any CPU.Build.0 = Release|Any CPU
		{C0CBAB10-EA49-40A3-A9B9-DE10566951A7}.Debug|Any CPU.ActiveCfg = Debug|Any CPU
		{C0CBAB10-EA49-40A3-A9B9-DE10566951A7}.Debug|Any CPU.Build.0 = Debug|Any CPU
		{C0CBAB10-EA49-40A3-A9B9-DE10566951A7}.Release|Any CPU.ActiveCfg = Release|Any CPU
		{C0CBAB10-EA49-40A3-A9B9-DE10566951A7}.Release|Any CPU.Build.0 = Release|Any CPU
	EndGlobalSection
	GlobalSection(SolutionProperties) = preSolution
		HideSolutionNode = FALSE
	EndGlobalSection
	GlobalSection(NestedProjects) = preSolution
		{E534DE2C-7320-4290-84D9-530BA92D738A} = {B2F888E9-7CFA-4399-ACAD-4AC04D6F0098}
		{8D194A5F-B65A-4D20-B9E4-1DCC3F3BF07A} = {B2F888E9-7CFA-4399-ACAD-4AC04D6F0098}
		{6FCD3424-2E05-4147-954A-E92712733615} = {B2F888E9-7CFA-4399-ACAD-4AC04D6F0098}
		{C0CBAB10-EA49-40A3-A9B9-DE10566951A7} = {B2F888E9-7CFA-4399-ACAD-4AC04D6F0098}
	EndGlobalSection
EndGlobal
